
Microsoft Visual Studio Solution File, Format Version 12.00
# Visual Studio Version 16
VisualStudioVersion = 16.0.31112.23
MinimumVisualStudioVersion = 10.0.40219.1
Project("{8BC9CEB8-8B4A-11D0-8D11-00A0C91BC942}") = "Part1_Basis", "Part1_Basis\Part1_Basis.vcxproj", "{8CBD61E4-4584-49B8-A053-0C5E7F9B4774}"
EndProject
Project("{8BC9CEB8-8B4A-11D0-8D11-00A0C91BC942}") = "Part3_DataStructure", "Part3_DataStructure\Part3_DataStructure.vcxproj", "{1324EEAC-0968-4186-B5C0-1692F48E5EDA}"
EndProject
Global
	GlobalSection(SolutionConfigurationPlatforms) = preSolution
		Debug|x64 = Debug|x64
		Debug|x86 = Debug|x86
		Release|x64 = Release|x64
		Release|x86 = Release|x86
	EndGlobalSection
	GlobalSection(ProjectConfigurationPlatforms) = postSolution
		{8CBD61E4-4584-49B8-A053-0C5E7F9B4774}.Debug|x64.ActiveCfg = Debug|x64
		{8CBD61E4-4584-49B8-A053-0C5E7F9B4774}.Debug|x64.Build.0 = Debug|x64
		{8CBD61E4-4584-49B8-A053-0C5E7F9B4774}.Debug|x86.ActiveCfg = Debug|Win32
		{8CBD61E4-4584-49B8-A053-0C5E7F9B4774}.Debug|x86.Build.0 = Debug|Win32
		{8CBD61E4-4584-49B8-A053-0C5E7F9B4774}.Release|x64.ActiveCfg = Release|x64
		{8CBD61E4-4584-49B8-A053-0C5E7F9B4774}.Release|x64.Build.0 = Release|x64
		{8CBD61E4-4584-49B8-A053-0C5E7F9B4774}.Release|x86.ActiveCfg = Release|Win32
		{8CBD61E4-4584-49B8-A053-0C5E7F9B4774}.Release|x86.Build.0 = Release|Win32
		{1324EEAC-0968-4186-B5C0-1692F48E5EDA}.Debug|x64.ActiveCfg = Debug|x64
		{1324EEAC-0968-4186-B5C0-1692F48E5EDA}.Debug|x64.Build.0 = Debug|x64
		{1324EEAC-0968-4186-B5C0-1692F48E5EDA}.Debug|x86.ActiveCfg = Debug|Win32
		{1324EEAC-0968-4186-B5C0-1692F48E5EDA}.Debug|x86.Build.0 = Debug|Win32
		{1324EEAC-0968-4186-B5C0-1692F48E5EDA}.Release|x64.ActiveCfg = Release|x64
		{1324EEAC-0968-4186-B5C0-1692F48E5EDA}.Release|x64.Build.0 = Release|x64
		{1324EEAC-0968-4186-B5C0-1692F48E5EDA}.Release|x86.ActiveCfg = Release|Win32
		{1324EEAC-0968-4186-B5C0-1692F48E5EDA}.Release|x86.Build.0 = Release|Win32
	EndGlobalSection
	GlobalSection(SolutionProperties) = preSolution
		HideSolutionNode = FALSE
	EndGlobalSection
	GlobalSection(ExtensibilityGlobals) = postSolution
		SolutionGuid = {D2BFBE6B-ADAB-4965-A421-B8C803FB37F4}
	EndGlobalSection
EndGlobal
